// !$*UTF8*$!
{
	archiveVersion = 1;
	classes = {
	};
	objectVersion = 56;
	objects = {

/* Begin PBXBuildFile section */
		1B31EF002C01C37A0060BD0E /* uber_cloneApp.swift in Sources */ = {isa = PBXBuildFile; fileRef = 1B31EEFF2C01C37A0060BD0E /* uber_cloneApp.swift */; };
		1B31EF042C01C37C0060BD0E /* Assets.xcassets in Resources */ = {isa = PBXBuildFile; fileRef = 1B31EF032C01C37C0060BD0E /* Assets.xcassets */; };
		1B31EF072C01C37C0060BD0E /* Preview Assets.xcassets in Resources */ = {isa = PBXBuildFile; fileRef = 1B31EF062C01C37C0060BD0E /* Preview Assets.xcassets */; };
		1B31EF172C01C5180060BD0E /* HomeView.swift in Sources */ = {isa = PBXBuildFile; fileRef = 1B31EF162C01C5180060BD0E /* HomeView.swift */; };
		1B31EF1B2C01C8820060BD0E /* LocationManager.swift in Sources */ = {isa = PBXBuildFile; fileRef = 1B31EF1A2C01C8820060BD0E /* LocationManager.swift */; };
		1B31EF1F2C0276700060BD0E /* LocationSearchActivationView.swift in Sources */ = {isa = PBXBuildFile; fileRef = 1B31EF1E2C0276700060BD0E /* LocationSearchActivationView.swift */; };
		1B31EF212C027B650060BD0E /* MapViewActionButton.swift in Sources */ = {isa = PBXBuildFile; fileRef = 1B31EF202C027B650060BD0E /* MapViewActionButton.swift */; };
		1B6EA3722C02833C0060A34D /* LocationSearchView.swift in Sources */ = {isa = PBXBuildFile; fileRef = 1B6EA3712C02833C0060A34D /* LocationSearchView.swift */; };
		1B6EA3742C02886C0060A34D /* LocationSearchResultCell.swift in Sources */ = {isa = PBXBuildFile; fileRef = 1B6EA3732C02886C0060A34D /* LocationSearchResultCell.swift */; };
		1B6EA3782C02DD380060A34D /* LocationSearchViewModel.swift in Sources */ = {isa = PBXBuildFile; fileRef = 1B6EA3772C02DD380060A34D /* LocationSearchViewModel.swift */; };
		1B6EA37A2C038CB70060A34D /* MapViewState.swift in Sources */ = {isa = PBXBuildFile; fileRef = 1B6EA3792C038CB70060A34D /* MapViewState.swift */; };
		1B6EA37D2C03ACF20060A34D /* RideRequestView.swift in Sources */ = {isa = PBXBuildFile; fileRef = 1B6EA37C2C03ACF20060A34D /* RideRequestView.swift */; };
		1B6EA37F2C04381C0060A34D /* RideType.swift in Sources */ = {isa = PBXBuildFile; fileRef = 1B6EA37E2C04381C0060A34D /* RideType.swift */; };
		1B6EA3812C04505F0060A34D /* Double.swift in Sources */ = {isa = PBXBuildFile; fileRef = 1B6EA3802C04505F0060A34D /* Double.swift */; };
		1B6EA3832C0453280060A34D /* UberLocation.swift in Sources */ = {isa = PBXBuildFile; fileRef = 1B6EA3822C0453280060A34D /* UberLocation.swift */; };
		1B6EA3852C0460B50060A34D /* Color.swift in Sources */ = {isa = PBXBuildFile; fileRef = 1B6EA3842C0460B50060A34D /* Color.swift */; };
/* End PBXBuildFile section */

/* Begin PBXFileReference section */
		1B31EEFC2C01C37A0060BD0E /* uber-clone.app */ = {isa = PBXFileReference; explicitFileType = wrapper.application; includeInIndex = 0; path = "uber-clone.app"; sourceTree = BUILT_PRODUCTS_DIR; };
		1B31EEFF2C01C37A0060BD0E /* uber_cloneApp.swift */ = {isa = PBXFileReference; lastKnownFileType = sourcecode.swift; path = uber_cloneApp.swift; sourceTree = "<group>"; };
		1B31EF032C01C37C0060BD0E /* Assets.xcassets */ = {isa = PBXFileReference; lastKnownFileType = folder.assetcatalog; path = Assets.xcassets; sourceTree = "<group>"; };
		1B31EF062C01C37C0060BD0E /* Preview Assets.xcassets */ = {isa = PBXFileReference; lastKnownFileType = folder.assetcatalog; path = "Preview Assets.xcassets"; sourceTree = "<group>"; };
		1B31EF162C01C5180060BD0E /* HomeView.swift */ = {isa = PBXFileReference; lastKnownFileType = sourcecode.swift; path = HomeView.swift; sourceTree = "<group>"; };
		1B31EF1A2C01C8820060BD0E /* LocationManager.swift */ = {isa = PBXFileReference; lastKnownFileType = sourcecode.swift; path = LocationManager.swift; sourceTree = "<group>"; };
		1B31EF1E2C0276700060BD0E /* LocationSearchActivationView.swift */ = {isa = PBXFileReference; lastKnownFileType = sourcecode.swift; path = LocationSearchActivationView.swift; sourceTree = "<group>"; };
		1B31EF202C027B650060BD0E /* MapViewActionButton.swift */ = {isa = PBXFileReference; lastKnownFileType = sourcecode.swift; path = MapViewActionButton.swift; sourceTree = "<group>"; };
		1B6EA3712C02833C0060A34D /* LocationSearchView.swift */ = {isa = PBXFileReference; lastKnownFileType = sourcecode.swift; path = LocationSearchView.swift; sourceTree = "<group>"; };
		1B6EA3732C02886C0060A34D /* LocationSearchResultCell.swift */ = {isa = PBXFileReference; lastKnownFileType = sourcecode.swift; path = LocationSearchResultCell.swift; sourceTree = "<group>"; };
		1B6EA3772C02DD380060A34D /* LocationSearchViewModel.swift */ = {isa = PBXFileReference; lastKnownFileType = sourcecode.swift; path = LocationSearchViewModel.swift; sourceTree = "<group>"; };
		1B6EA3792C038CB70060A34D /* MapViewState.swift */ = {isa = PBXFileReference; lastKnownFileType = sourcecode.swift; path = MapViewState.swift; sourceTree = "<group>"; };
		1B6EA37C2C03ACF20060A34D /* RideRequestView.swift */ = {isa = PBXFileReference; lastKnownFileType = sourcecode.swift; path = RideRequestView.swift; sourceTree = "<group>"; };
		1B6EA37E2C04381C0060A34D /* RideType.swift */ = {isa = PBXFileReference; lastKnownFileType = sourcecode.swift; path = RideType.swift; sourceTree = "<group>"; };
		1B6EA3802C04505F0060A34D /* Double.swift */ = {isa = PBXFileReference; lastKnownFileType = sourcecode.swift; path = Double.swift; sourceTree = "<group>"; };
		1B6EA3822C0453280060A34D /* UberLocation.swift */ = {isa = PBXFileReference; lastKnownFileType = sourcecode.swift; path = UberLocation.swift; sourceTree = "<group>"; };
		1B6EA3842C0460B50060A34D /* Color.swift */ = {isa = PBXFileReference; lastKnownFileType = sourcecode.swift; path = Color.swift; sourceTree = "<group>"; };
/* End PBXFileReference section */

/* Begin PBXFrameworksBuildPhase section */
		1B31EEF92C01C37A0060BD0E /* Frameworks */ = {
			isa = PBXFrameworksBuildPhase;
			buildActionMask = 2147483647;
			files = (
			);
			runOnlyForDeploymentPostprocessing = 0;
		};
/* End PBXFrameworksBuildPhase section */

/* Begin PBXGroup section */
		1B31EEF32C01C37A0060BD0E = {
			isa = PBXGroup;
			children = (
				1B31EEFE2C01C37A0060BD0E /* uber-clone */,
				1B31EEFD2C01C37A0060BD0E /* Products */,
			);
			sourceTree = "<group>";
		};
		1B31EEFD2C01C37A0060BD0E /* Products */ = {
			isa = PBXGroup;
			children = (
				1B31EEFC2C01C37A0060BD0E /* uber-clone.app */,
			);
			name = Products;
			sourceTree = "<group>";
		};
		1B31EEFE2C01C37A0060BD0E /* uber-clone */ = {
			isa = PBXGroup;
			children = (
				1B31EF122C01C3E90060BD0E /* Core */,
				1B31EF112C01C3E70060BD0E /* Extensions */,
				1B31EF102C01C3E50060BD0E /* Managers */,
				1B31EF0D2C01C3D40060BD0E /* Models */,
				1B31EEFF2C01C37A0060BD0E /* uber_cloneApp.swift */,
				1B31EF032C01C37C0060BD0E /* Assets.xcassets */,
				1B31EF052C01C37C0060BD0E /* Preview Content */,
			);
			path = "uber-clone";
			sourceTree = "<group>";
		};
		1B31EF052C01C37C0060BD0E /* Preview Content */ = {
			isa = PBXGroup;
			children = (
				1B31EF062C01C37C0060BD0E /* Preview Assets.xcassets */,
			);
			path = "Preview Content";
			sourceTree = "<group>";
		};
		1B31EF0D2C01C3D40060BD0E /* Models */ = {
			isa = PBXGroup;
			children = (
				1B6EA3792C038CB70060A34D /* MapViewState.swift */,
				1B6EA37E2C04381C0060A34D /* RideType.swift */,
				1B6EA3822C0453280060A34D /* UberLocation.swift */,
			);
			path = Models;
			sourceTree = "<group>";
		};
		1B31EF102C01C3E50060BD0E /* Managers */ = {
			isa = PBXGroup;
			children = (
				1B31EF1A2C01C8820060BD0E /* LocationManager.swift */,
			);
			path = Managers;
			sourceTree = "<group>";
		};
		1B31EF112C01C3E70060BD0E /* Extensions */ = {
			isa = PBXGroup;
			children = (
				1B6EA3802C04505F0060A34D /* Double.swift */,
				1B6EA3842C0460B50060A34D /* Color.swift */,
			);
			path = Extensions;
			sourceTree = "<group>";
		};
		1B31EF122C01C3E90060BD0E /* Core */ = {
			isa = PBXGroup;
			children = (
				1B6EA37B2C03ACE20060A34D /* Trips */,
				1B31EF1D2C026BD60060BD0E /* Location Search */,
				1B31EF1C2C026B5E0060BD0E /* Home */,
			);
			path = Core;
			sourceTree = "<group>";
		};
		1B31EF142C01C4B50060BD0E /* ViewModel */ = {
			isa = PBXGroup;
			children = (
				1B6EA3772C02DD380060A34D /* LocationSearchViewModel.swift */,
			);
			path = ViewModel;
			sourceTree = "<group>";
		};
		1B31EF152C01C4F70060BD0E /* Views */ = {
			isa = PBXGroup;
			children = (
				1B31EF1E2C0276700060BD0E /* LocationSearchActivationView.swift */,
				1B6EA3712C02833C0060A34D /* LocationSearchView.swift */,
				1B6EA3732C02886C0060A34D /* LocationSearchResultCell.swift */,
			);
			path = Views;
			sourceTree = "<group>";
		};
		1B31EF1C2C026B5E0060BD0E /* Home */ = {
			isa = PBXGroup;
			children = (
				1B31EF232C027F7B0060BD0E /* Views */,
			);
			path = Home;
			sourceTree = "<group>";
		};
		1B31EF1D2C026BD60060BD0E /* Location Search */ = {
			isa = PBXGroup;
			children = (
				1B31EF152C01C4F70060BD0E /* Views */,
				1B31EF142C01C4B50060BD0E /* ViewModel */,
			);
			path = "Location Search";
			sourceTree = "<group>";
		};
		1B31EF232C027F7B0060BD0E /* Views */ = {
			isa = PBXGroup;
			children = (
				1B31EF202C027B650060BD0E /* MapViewActionButton.swift */,
				1B31EF162C01C5180060BD0E /* HomeView.swift */,
			);
			path = Views;
			sourceTree = "<group>";
		};
		1B6EA37B2C03ACE20060A34D /* Trips */ = {
			isa = PBXGroup;
			children = (
				1B6EA37C2C03ACF20060A34D /* RideRequestView.swift */,
			);
			path = Trips;
			sourceTree = "<group>";
		};
/* End PBXGroup section */

/* Begin PBXNativeTarget section */
		1B31EEFB2C01C37A0060BD0E /* uber-clone */ = {
			isa = PBXNativeTarget;
			buildConfigurationList = 1B31EF0A2C01C37C0060BD0E /* Build configuration list for PBXNativeTarget "uber-clone" */;
			buildPhases = (
				1B31EEF82C01C37A0060BD0E /* Sources */,
				1B31EEF92C01C37A0060BD0E /* Frameworks */,
				1B31EEFA2C01C37A0060BD0E /* Resources */,
			);
			buildRules = (
			);
			dependencies = (
			);
			name = "uber-clone";
			productName = "uber-clone";
			productReference = 1B31EEFC2C01C37A0060BD0E /* uber-clone.app */;
			productType = "com.apple.product-type.application";
		};
/* End PBXNativeTarget section */

/* Begin PBXProject section */
		1B31EEF42C01C37A0060BD0E /* Project object */ = {
			isa = PBXProject;
			attributes = {
				BuildIndependentTargetsInParallel = 1;
				LastSwiftUpdateCheck = 1530;
				LastUpgradeCheck = 1530;
				TargetAttributes = {
					1B31EEFB2C01C37A0060BD0E = {
						CreatedOnToolsVersion = 15.3;
					};
				};
			};
			buildConfigurationList = 1B31EEF72C01C37A0060BD0E /* Build configuration list for PBXProject "uber-clone" */;
			compatibilityVersion = "Xcode 14.0";
			developmentRegion = en;
			hasScannedForEncodings = 0;
			knownRegions = (
				en,
				Base,
			);
			mainGroup = 1B31EEF32C01C37A0060BD0E;
			productRefGroup = 1B31EEFD2C01C37A0060BD0E /* Products */;
			projectDirPath = "";
			projectRoot = "";
			targets = (
				1B31EEFB2C01C37A0060BD0E /* uber-clone */,
			);
		};
/* End PBXProject section */

/* Begin PBXResourcesBuildPhase section */
		1B31EEFA2C01C37A0060BD0E /* Resources */ = {
			isa = PBXResourcesBuildPhase;
			buildActionMask = 2147483647;
			files = (
				1B31EF072C01C37C0060BD0E /* Preview Assets.xcassets in Resources */,
				1B31EF042C01C37C0060BD0E /* Assets.xcassets in Resources */,
			);
			runOnlyForDeploymentPostprocessing = 0;
		};
/* End PBXResourcesBuildPhase section */

/* Begin PBXSourcesBuildPhase section */
		1B31EEF82C01C37A0060BD0E /* Sources */ = {
			isa = PBXSourcesBuildPhase;
			buildActionMask = 2147483647;
			files = (
				1B6EA3782C02DD380060A34D /* LocationSearchViewModel.swift in Sources */,
				1B6EA3722C02833C0060A34D /* LocationSearchView.swift in Sources */,
				1B31EF1B2C01C8820060BD0E /* LocationManager.swift in Sources */,
				1B6EA37D2C03ACF20060A34D /* RideRequestView.swift in Sources */,
				1B6EA3812C04505F0060A34D /* Double.swift in Sources */,
				1B6EA37A2C038CB70060A34D /* MapViewState.swift in Sources */,
				1B31EF212C027B650060BD0E /* MapViewActionButton.swift in Sources */,
				1B31EF002C01C37A0060BD0E /* uber_cloneApp.swift in Sources */,
				1B6EA3852C0460B50060A34D /* Color.swift in Sources */,
				1B31EF172C01C5180060BD0E /* HomeView.swift in Sources */,
				1B6EA3832C0453280060A34D /* UberLocation.swift in Sources */,
				1B31EF1F2C0276700060BD0E /* LocationSearchActivationView.swift in Sources */,
				1B6EA3742C02886C0060A34D /* LocationSearchResultCell.swift in Sources */,
				1B6EA37F2C04381C0060A34D /* RideType.swift in Sources */,
			);
			runOnlyForDeploymentPostprocessing = 0;
		};
/* End PBXSourcesBuildPhase section */

/* Begin XCBuildConfiguration section */
		1B31EF082C01C37C0060BD0E /* Debug */ = {
			isa = XCBuildConfiguration;
			buildSettings = {
				ALWAYS_SEARCH_USER_PATHS = NO;
				ASSETCATALOG_COMPILER_GENERATE_SWIFT_ASSET_SYMBOL_EXTENSIONS = YES;
				CLANG_ANALYZER_NONNULL = YES;
				CLANG_ANALYZER_NUMBER_OBJECT_CONVERSION = YES_AGGRESSIVE;
				CLANG_CXX_LANGUAGE_STANDARD = "gnu++20";
				CLANG_ENABLE_MODULES = YES;
				CLANG_ENABLE_OBJC_ARC = YES;
				CLANG_ENABLE_OBJC_WEAK = YES;
				CLANG_WARN_BLOCK_CAPTURE_AUTORELEASING = YES;
				CLANG_WARN_BOOL_CONVERSION = YES;
				CLANG_WARN_COMMA = YES;
				CLANG_WARN_CONSTANT_CONVERSION = YES;
				CLANG_WARN_DEPRECATED_OBJC_IMPLEMENTATIONS = YES;
				CLANG_WARN_DIRECT_OBJC_ISA_USAGE = YES_ERROR;
				CLANG_WARN_DOCUMENTATION_COMMENTS = YES;
				CLANG_WARN_EMPTY_BODY = YES;
				CLANG_WARN_ENUM_CONVERSION = YES;
				CLANG_WARN_INFINITE_RECURSION = YES;
				CLANG_WARN_INT_CONVERSION = YES;
				CLANG_WARN_NON_LITERAL_NULL_CONVERSION = YES;
				CLANG_WARN_OBJC_IMPLICIT_RETAIN_SELF = YES;
				CLANG_WARN_OBJC_LITERAL_CONVERSION = YES;
				CLANG_WARN_OBJC_ROOT_CLASS = YES_ERROR;
				CLANG_WARN_QUOTED_INCLUDE_IN_FRAMEWORK_HEADER = YES;
				CLANG_WARN_RANGE_LOOP_ANALYSIS = YES;
				CLANG_WARN_STRICT_PROTOTYPES = YES;
				CLANG_WARN_SUSPICIOUS_MOVE = YES;
				CLANG_WARN_UNGUARDED_AVAILABILITY = YES_AGGRESSIVE;
				CLANG_WARN_UNREACHABLE_CODE = YES;
				CLANG_WARN__DUPLICATE_METHOD_MATCH = YES;
				COPY_PHASE_STRIP = NO;
				DEBUG_INFORMATION_FORMAT = dwarf;
				ENABLE_STRICT_OBJC_MSGSEND = YES;
				ENABLE_TESTABILITY = YES;
				ENABLE_USER_SCRIPT_SANDBOXING = YES;
				GCC_C_LANGUAGE_STANDARD = gnu17;
				GCC_DYNAMIC_NO_PIC = NO;
				GCC_NO_COMMON_BLOCKS = YES;
				GCC_OPTIMIZATION_LEVEL = 0;
				GCC_PREPROCESSOR_DEFINITIONS = (
					"DEBUG=1",
					"$(inherited)",
				);
				GCC_WARN_64_TO_32_BIT_CONVERSION = YES;
				GCC_WARN_ABOUT_RETURN_TYPE = YES_ERROR;
				GCC_WARN_UNDECLARED_SELECTOR = YES;
				GCC_WARN_UNINITIALIZED_AUTOS = YES_AGGRESSIVE;
				GCC_WARN_UNUSED_FUNCTION = YES;
				GCC_WARN_UNUSED_VARIABLE = YES;
				IPHONEOS_DEPLOYMENT_TARGET = 17.4;
				LOCALIZATION_PREFERS_STRING_CATALOGS = YES;
				MTL_ENABLE_DEBUG_INFO = INCLUDE_SOURCE;
				MTL_FAST_MATH = YES;
				ONLY_ACTIVE_ARCH = YES;
				SDKROOT = iphoneos;
				SWIFT_ACTIVE_COMPILATION_CONDITIONS = "DEBUG $(inherited)";
				SWIFT_OPTIMIZATION_LEVEL = "-Onone";
			};
			name = Debug;
		};
		1B31EF092C01C37C0060BD0E /* Release */ = {
			isa = XCBuildConfiguration;
			buildSettings = {
				ALWAYS_SEARCH_USER_PATHS = NO;
				ASSETCATALOG_COMPILER_GENERATE_SWIFT_ASSET_SYMBOL_EXTENSIONS = YES;
				CLANG_ANALYZER_NONNULL = YES;
				CLANG_ANALYZER_NUMBER_OBJECT_CONVERSION = YES_AGGRESSIVE;
				CLANG_CXX_LANGUAGE_STANDARD = "gnu++20";
				CLANG_ENABLE_MODULES = YES;
				CLANG_ENABLE_OBJC_ARC = YES;
				CLANG_ENABLE_OBJC_WEAK = YES;
				CLANG_WARN_BLOCK_CAPTURE_AUTORELEASING = YES;
				CLANG_WARN_BOOL_CONVERSION = YES;
				CLANG_WARN_COMMA = YES;
				CLANG_WARN_CONSTANT_CONVERSION = YES;
				CLANG_WARN_DEPRECATED_OBJC_IMPLEMENTATIONS = YES;
				CLANG_WARN_DIRECT_OBJC_ISA_USAGE = YES_ERROR;
				CLANG_WARN_DOCUMENTATION_COMMENTS = YES;
				CLANG_WARN_EMPTY_BODY = YES;
				CLANG_WARN_ENUM_CONVERSION = YES;
				CLANG_WARN_INFINITE_RECURSION = YES;
				CLANG_WARN_INT_CONVERSION = YES;
				CLANG_WARN_NON_LITERAL_NULL_CONVERSION = YES;
				CLANG_WARN_OBJC_IMPLICIT_RETAIN_SELF = YES;
				CLANG_WARN_OBJC_LITERAL_CONVERSION = YES;
				CLANG_WARN_OBJC_ROOT_CLASS = YES_ERROR;
				CLANG_WARN_QUOTED_INCLUDE_IN_FRAMEWORK_HEADER = YES;
				CLANG_WARN_RANGE_LOOP_ANALYSIS = YES;
				CLANG_WARN_STRICT_PROTOTYPES = YES;
				CLANG_WARN_SUSPICIOUS_MOVE = YES;
				CLANG_WARN_UNGUARDED_AVAILABILITY = YES_AGGRESSIVE;
				CLANG_WARN_UNREACHABLE_CODE = YES;
				CLANG_WARN__DUPLICATE_METHOD_MATCH = YES;
				COPY_PHASE_STRIP = NO;
				DEBUG_INFORMATION_FORMAT = "dwarf-with-dsym";
				ENABLE_NS_ASSERTIONS = NO;
				ENABLE_STRICT_OBJC_MSGSEND = YES;
				ENABLE_USER_SCRIPT_SANDBOXING = YES;
				GCC_C_LANGUAGE_STANDARD = gnu17;
				GCC_NO_COMMON_BLOCKS = YES;
				GCC_WARN_64_TO_32_BIT_CONVERSION = YES;
				GCC_WARN_ABOUT_RETURN_TYPE = YES_ERROR;
				GCC_WARN_UNDECLARED_SELECTOR = YES;
				GCC_WARN_UNINITIALIZED_AUTOS = YES_AGGRESSIVE;
				GCC_WARN_UNUSED_FUNCTION = YES;
				GCC_WARN_UNUSED_VARIABLE = YES;
				IPHONEOS_DEPLOYMENT_TARGET = 17.4;
				LOCALIZATION_PREFERS_STRING_CATALOGS = YES;
				MTL_ENABLE_DEBUG_INFO = NO;
				MTL_FAST_MATH = YES;
				SDKROOT = iphoneos;
				SWIFT_COMPILATION_MODE = wholemodule;
				VALIDATE_PRODUCT = YES;
			};
			name = Release;
		};
		1B31EF0B2C01C37C0060BD0E /* Debug */ = {
			isa = XCBuildConfiguration;
			buildSettings = {
				ASSETCATALOG_COMPILER_APPICON_NAME = AppIcon;
				ASSETCATALOG_COMPILER_GLOBAL_ACCENT_COLOR_NAME = AccentColor;
				CODE_SIGN_STYLE = Automatic;
				CURRENT_PROJECT_VERSION = 1;
				DEVELOPMENT_ASSET_PATHS = "\"uber-clone/Preview Content\"";
				ENABLE_PREVIEWS = YES;
				GENERATE_INFOPLIST_FILE = YES;
				INFOPLIST_KEY_NSLocationWhenInUseUsageDescription = "Please turn on location services to find rides and drivers";
				INFOPLIST_KEY_UIApplicationSceneManifest_Generation = YES;
				INFOPLIST_KEY_UIApplicationSupportsIndirectInputEvents = YES;
				INFOPLIST_KEY_UILaunchScreen_Generation = YES;
				INFOPLIST_KEY_UISupportedInterfaceOrientations_iPad = "UIInterfaceOrientationPortrait UIInterfaceOrientationPortraitUpsideDown UIInterfaceOrientationLandscapeLeft UIInterfaceOrientationLandscapeRight";
				INFOPLIST_KEY_UISupportedInterfaceOrientations_iPhone = "UIInterfaceOrientationPortrait UIInterfaceOrientationLandscapeLeft UIInterfaceOrientationLandscapeRight";
				LD_RUNPATH_SEARCH_PATHS = (
					"$(inherited)",
					"@executable_path/Frameworks",
				);
				MARKETING_VERSION = 1.0;
				PRODUCT_BUNDLE_IDENTIFIER = "com.AndrewBetancourt.uber-clone";
				PRODUCT_NAME = "$(TARGET_NAME)";
				SWIFT_EMIT_LOC_STRINGS = YES;
				SWIFT_VERSION = 5.0;
				TARGETED_DEVICE_FAMILY = "1,2";
			};
			name = Debug;
		};
		1B31EF0C2C01C37C0060BD0E /* Release */ = {
			isa = XCBuildConfiguration;
			buildSettings = {
				ASSETCATALOG_COMPILER_APPICON_NAME = AppIcon;
				ASSETCATALOG_COMPILER_GLOBAL_ACCENT_COLOR_NAME = AccentColor;
				CODE_SIGN_STYLE = Automatic;
				CURRENT_PROJECT_VERSION = 1;
				DEVELOPMENT_ASSET_PATHS = "\"uber-clone/Preview Content\"";
				ENABLE_PREVIEWS = YES;
				GENERATE_INFOPLIST_FILE = YES;
				INFOPLIST_KEY_NSLocationWhenInUseUsageDescription = "Please turn on location services to find rides and drivers";
				INFOPLIST_KEY_UIApplicationSceneManifest_Generation = YES;
				INFOPLIST_KEY_UIApplicationSupportsIndirectInputEvents = YES;
				INFOPLIST_KEY_UILaunchScreen_Generation = YES;
				INFOPLIST_KEY_UISupportedInterfaceOrientations_iPad = "UIInterfaceOrientationPortrait UIInterfaceOrientationPortraitUpsideDown UIInterfaceOrientationLandscapeLeft UIInterfaceOrientationLandscapeRight";
				INFOPLIST_KEY_UISupportedInterfaceOrientations_iPhone = "UIInterfaceOrientationPortrait UIInterfaceOrientationLandscapeLeft UIInterfaceOrientationLandscapeRight";
				LD_RUNPATH_SEARCH_PATHS = (
					"$(inherited)",
					"@executable_path/Frameworks",
				);
				MARKETING_VERSION = 1.0;
				PRODUCT_BUNDLE_IDENTIFIER = "com.AndrewBetancourt.uber-clone";
				PRODUCT_NAME = "$(TARGET_NAME)";
				SWIFT_EMIT_LOC_STRINGS = YES;
				SWIFT_VERSION = 5.0;
				TARGETED_DEVICE_FAMILY = "1,2";
			};
			name = Release;
		};
/* End XCBuildConfiguration section */

/* Begin XCConfigurationList section */
		1B31EEF72C01C37A0060BD0E /* Build configuration list for PBXProject "uber-clone" */ = {
			isa = XCConfigurationList;
			buildConfigurations = (
				1B31EF082C01C37C0060BD0E /* Debug */,
				1B31EF092C01C37C0060BD0E /* Release */,
			);
			defaultConfigurationIsVisible = 0;
			defaultConfigurationName = Release;
		};
		1B31EF0A2C01C37C0060BD0E /* Build configuration list for PBXNativeTarget "uber-clone" */ = {
			isa = XCConfigurationList;
			buildConfigurations = (
				1B31EF0B2C01C37C0060BD0E /* Debug */,
				1B31EF0C2C01C37C0060BD0E /* Release */,
			);
			defaultConfigurationIsVisible = 0;
			defaultConfigurationName = Release;
		};
/* End XCConfigurationList section */
	};
	rootObject = 1B31EEF42C01C37A0060BD0E /* Project object */;
}
